
Microsoft Visual Studio Solution File, Format Version 12.00
# Visual Studio Version 17
VisualStudioVersion = 17.14.36429.23
MinimumVisualStudioVersion = 10.0.40219.1
Project("{FAE04EC0-301F-11D3-BF4B-00C04F79EFBC}") = "EventBusWithBackgroundService", "EventBusWithBackgroundService\EventBusWithBackgroundService.csproj", "{0C765C0E-D40D-49DE-B70B-6E703C517D75}"
EndProject
Project("{FAE04EC0-301F-11D3-BF4B-00C04F79EFBC}") = "EventBusWithHangfire", "EventBusWithHangfire\EventBusWithHangfire.csproj", "{FF9BEFCE-748E-4428-A0AD-803DD19AB829}"
EndProject
Project("{FAE04EC0-301F-11D3-BF4B-00C04F79EFBC}") = "OutboxPatternWithHangfire", "OutboxPatternWithHangfire\OutboxPatternWithHangfire.csproj", "{26DD1ABA-BD0B-4470-AA49-251C9C5461AB}"
EndProject
Project("{FAE04EC0-301F-11D3-BF4B-00C04F79EFBC}") = "EventBusWithRxNet", "EventBusWithRxNet\EventBusWithRxNet.csproj", "{ED3B0799-4616-4BAB-A639-3026C0B2166F}"
EndProject
Project("{FAE04EC0-301F-11D3-BF4B-00C04F79EFBC}") = "EventBusWithQuartz", "EventBusWithQuartz\EventBusWithQuartz.csproj", "{A9D48453-CAA9-4D36-810F-F791345E97F7}"
EndProject
Project("{FAE04EC0-301F-11D3-BF4B-00C04F79EFBC}") = "OutboxPatternWithQuartz", "OutboxPatternWithQuartz\OutboxPatternWithQuartz.csproj", "{B974144C-77A2-4B73-A89A-3FFB6C449831}"
EndProject
Project("{FAE04EC0-301F-11D3-BF4B-00C04F79EFBC}") = "EventBusWithTickerQ", "EventBusWithTickerQ\EventBusWithTickerQ.csproj", "{E8487D4D-F82B-41FB-A3C4-63183626737C}"
EndProject
Global
	GlobalSection(SolutionConfigurationPlatforms) = preSolution
		Debug|Any CPU = Debug|Any CPU
		Release|Any CPU = Release|Any CPU
	EndGlobalSection
	GlobalSection(ProjectConfigurationPlatforms) = postSolution
		{0C765C0E-D40D-49DE-B70B-6E703C517D75}.Debug|Any CPU.ActiveCfg = Debug|Any CPU
		{0C765C0E-D40D-49DE-B70B-6E703C517D75}.Debug|Any CPU.Build.0 = Debug|Any CPU
		{0C765C0E-D40D-49DE-B70B-6E703C517D75}.Release|Any CPU.ActiveCfg = Release|Any CPU
		{0C765C0E-D40D-49DE-B70B-6E703C517D75}.Release|Any CPU.Build.0 = Release|Any CPU
		{FF9BEFCE-748E-4428-A0AD-803DD19AB829}.Debug|Any CPU.ActiveCfg = Debug|Any CPU
		{FF9BEFCE-748E-4428-A0AD-803DD19AB829}.Debug|Any CPU.Build.0 = Debug|Any CPU
		{FF9BEFCE-748E-4428-A0AD-803DD19AB829}.Release|Any CPU.ActiveCfg = Release|Any CPU
		{FF9BEFCE-748E-4428-A0AD-803DD19AB829}.Release|Any CPU.Build.0 = Release|Any CPU
		{26DD1ABA-BD0B-4470-AA49-251C9C5461AB}.Debug|Any CPU.ActiveCfg = Debug|Any CPU
		{26DD1ABA-BD0B-4470-AA49-251C9C5461AB}.Debug|Any CPU.Build.0 = Debug|Any CPU
		{26DD1ABA-BD0B-4470-AA49-251C9C5461AB}.Release|Any CPU.ActiveCfg = Release|Any CPU
		{26DD1ABA-BD0B-4470-AA49-251C9C5461AB}.Release|Any CPU.Build.0 = Release|Any CPU
		{ED3B0799-4616-4BAB-A639-3026C0B2166F}.Debug|Any CPU.ActiveCfg = Debug|Any CPU
		{ED3B0799-4616-4BAB-A639-3026C0B2166F}.Debug|Any CPU.Build.0 = Debug|Any CPU
		{ED3B0799-4616-4BAB-A639-3026C0B2166F}.Release|Any CPU.ActiveCfg = Release|Any CPU
		{ED3B0799-4616-4BAB-A639-3026C0B2166F}.Release|Any CPU.Build.0 = Release|Any CPU
		{A9D48453-CAA9-4D36-810F-F791345E97F7}.Debug|Any CPU.ActiveCfg = Debug|Any CPU
		{A9D48453-CAA9-4D36-810F-F791345E97F7}.Debug|Any CPU.Build.0 = Debug|Any CPU
		{A9D48453-CAA9-4D36-810F-F791345E97F7}.Release|Any CPU.ActiveCfg = Release|Any CPU
		{A9D48453-CAA9-4D36-810F-F791345E97F7}.Release|Any CPU.Build.0 = Release|Any CPU
		{B974144C-77A2-4B73-A89A-3FFB6C449831}.Debug|Any CPU.ActiveCfg = Debug|Any CPU
		{B974144C-77A2-4B73-A89A-3FFB6C449831}.Debug|Any CPU.Build.0 = Debug|Any CPU
		{B974144C-77A2-4B73-A89A-3FFB6C449831}.Release|Any CPU.ActiveCfg = Release|Any CPU
		{B974144C-77A2-4B73-A89A-3FFB6C449831}.Release|Any CPU.Build.0 = Release|Any CPU
		{E8487D4D-F82B-41FB-A3C4-63183626737C}.Debug|Any CPU.ActiveCfg = Debug|Any CPU
		{E8487D4D-F82B-41FB-A3C4-63183626737C}.Debug|Any CPU.Build.0 = Debug|Any CPU
		{E8487D4D-F82B-41FB-A3C4-63183626737C}.Release|Any CPU.ActiveCfg = Release|Any CPU
		{E8487D4D-F82B-41FB-A3C4-63183626737C}.Release|Any CPU.Build.0 = Release|Any CPU
	EndGlobalSection
	GlobalSection(SolutionProperties) = preSolution
		HideSolutionNode = FALSE
	EndGlobalSection
	GlobalSection(ExtensibilityGlobals) = postSolution
		SolutionGuid = {671068AC-837B-411F-884F-7FF088C9EC73}
	EndGlobalSection
EndGlobal
